
Microsoft Visual Studio Solution File, Format Version 12.00
# Visual Studio Version 16
VisualStudioVersion = 16.0.30204.135
MinimumVisualStudioVersion = 10.0.40219.1
Project("{FAE04EC0-301F-11D3-BF4B-00C04F79EFBC}") = "PatronesUnitRepo", "PatronesUnitRepo\PatronesUnitRepo.csproj", "{AF4E9DE9-437E-4FCF-ACB0-80B49B919B1A}"
EndProject
Project("{FAE04EC0-301F-11D3-BF4B-00C04F79EFBC}") = "PU.Infraestructura", "PU.Infraestructura\PU.Infraestructura.csproj", "{79A5D4E7-9B5E-414D-B0B7-5AD4AD8F71D5}"
EndProject
Project("{FAE04EC0-301F-11D3-BF4B-00C04F79EFBC}") = "PU.Core", "PU.Core\PU.Core.csproj", "{C1CDD374-6764-4ED6-8491-4C7D5DA4CE1A}"
EndProject
Global
	GlobalSection(SolutionConfigurationPlatforms) = preSolution
		Debug|Any CPU = Debug|Any CPU
		Release|Any CPU = Release|Any CPU
	EndGlobalSection
	GlobalSection(ProjectConfigurationPlatforms) = postSolution
		{AF4E9DE9-437E-4FCF-ACB0-80B49B919B1A}.Debug|Any CPU.ActiveCfg = Debug|Any CPU
		{AF4E9DE9-437E-4FCF-ACB0-80B49B919B1A}.Debug|Any CPU.Build.0 = Debug|Any CPU
		{AF4E9DE9-437E-4FCF-ACB0-80B49B919B1A}.Release|Any CPU.ActiveCfg = Release|Any CPU
		{AF4E9DE9-437E-4FCF-ACB0-80B49B919B1A}.Release|Any CPU.Build.0 = Release|Any CPU
		{79A5D4E7-9B5E-414D-B0B7-5AD4AD8F71D5}.Debug|Any CPU.ActiveCfg = Debug|Any CPU
		{79A5D4E7-9B5E-414D-B0B7-5AD4AD8F71D5}.Debug|Any CPU.Build.0 = Debug|Any CPU
		{79A5D4E7-9B5E-414D-B0B7-5AD4AD8F71D5}.Release|Any CPU.ActiveCfg = Release|Any CPU
		{79A5D4E7-9B5E-414D-B0B7-5AD4AD8F71D5}.Release|Any CPU.Build.0 = Release|Any CPU
		{C1CDD374-6764-4ED6-8491-4C7D5DA4CE1A}.Debug|Any CPU.ActiveCfg = Debug|Any CPU
		{C1CDD374-6764-4ED6-8491-4C7D5DA4CE1A}.Debug|Any CPU.Build.0 = Debug|Any CPU
		{C1CDD374-6764-4ED6-8491-4C7D5DA4CE1A}.Release|Any CPU.ActiveCfg = Release|Any CPU
		{C1CDD374-6764-4ED6-8491-4C7D5DA4CE1A}.Release|Any CPU.Build.0 = Release|Any CPU
	EndGlobalSection
	GlobalSection(SolutionProperties) = preSolution
		HideSolutionNode = FALSE
	EndGlobalSection
	GlobalSection(ExtensibilityGlobals) = postSolution
		SolutionGuid = {8CC3DD7B-65E6-444E-AA42-B92218372C25}
	EndGlobalSection
EndGlobal
